// !$*UTF8*$!
{
	archiveVersion = 1;
	classes = {
	};
	objectVersion = 56;
	objects = {

/* Begin PBXBuildFile section */
		775C4B1A2A85182F00999C5B /* Cart.swift in Sources */ = {isa = PBXBuildFile; fileRef = 775C4B192A85182F00999C5B /* Cart.swift */; };
		775C4B1C2A85527F00999C5B /* PaymentViewController.swift in Sources */ = {isa = PBXBuildFile; fileRef = 775C4B1B2A85527F00999C5B /* PaymentViewController.swift */; };
		77D1221C2A6FF6CE00C3C9C9 /* AppDelegate.swift in Sources */ = {isa = PBXBuildFile; fileRef = 77D1221B2A6FF6CE00C3C9C9 /* AppDelegate.swift */; };
		77D1221E2A6FF6CE00C3C9C9 /* SceneDelegate.swift in Sources */ = {isa = PBXBuildFile; fileRef = 77D1221D2A6FF6CE00C3C9C9 /* SceneDelegate.swift */; };
		77D122262A6FF6CE00C3C9C9 /* projectShop_v2.xcdatamodeld in Sources */ = {isa = PBXBuildFile; fileRef = 77D122242A6FF6CE00C3C9C9 /* projectShop_v2.xcdatamodeld */; };
		77D122282A6FF6D000C3C9C9 /* Assets.xcassets in Resources */ = {isa = PBXBuildFile; fileRef = 77D122272A6FF6D000C3C9C9 /* Assets.xcassets */; };
		77D1222B2A6FF6D000C3C9C9 /* LaunchScreen.storyboard in Resources */ = {isa = PBXBuildFile; fileRef = 77D122292A6FF6D000C3C9C9 /* LaunchScreen.storyboard */; };
		77D122362A6FF6D000C3C9C9 /* projectShop_v2Tests.swift in Sources */ = {isa = PBXBuildFile; fileRef = 77D122352A6FF6D000C3C9C9 /* projectShop_v2Tests.swift */; };
		77D122402A6FF6D000C3C9C9 /* projectShop_v2UITests.swift in Sources */ = {isa = PBXBuildFile; fileRef = 77D1223F2A6FF6D000C3C9C9 /* projectShop_v2UITests.swift */; };
		77D122422A6FF6D000C3C9C9 /* projectShop_v2UITestsLaunchTests.swift in Sources */ = {isa = PBXBuildFile; fileRef = 77D122412A6FF6D000C3C9C9 /* projectShop_v2UITestsLaunchTests.swift */; };
		77D122502A6FF74100C3C9C9 /* SnapKit in Frameworks */ = {isa = PBXBuildFile; productRef = 77D1224F2A6FF74100C3C9C9 /* SnapKit */; };
		77D122522A6FF79F00C3C9C9 /* MainViewController.swift in Sources */ = {isa = PBXBuildFile; fileRef = 77D122512A6FF79F00C3C9C9 /* MainViewController.swift */; };
		77D122542A6FF7CB00C3C9C9 /* BasketViewController.swift in Sources */ = {isa = PBXBuildFile; fileRef = 77D122532A6FF7CB00C3C9C9 /* BasketViewController.swift */; };
		77D122562A6FF80A00C3C9C9 /* CategoriesTableViewCell.swift in Sources */ = {isa = PBXBuildFile; fileRef = 77D122552A6FF80A00C3C9C9 /* CategoriesTableViewCell.swift */; };
		77D122582A6FF83C00C3C9C9 /* ContentForCells.swift in Sources */ = {isa = PBXBuildFile; fileRef = 77D122572A6FF83C00C3C9C9 /* ContentForCells.swift */; };
		77D1225E2A700A7700C3C9C9 /* ProductsViewController.swift in Sources */ = {isa = PBXBuildFile; fileRef = 77D1225D2A700A7700C3C9C9 /* ProductsViewController.swift */; };
		77D122622A71D19200C3C9C9 /* ProductsTableViewCell.swift in Sources */ = {isa = PBXBuildFile; fileRef = 77D122612A71D19200C3C9C9 /* ProductsTableViewCell.swift */; };
		77D122642A7466DE00C3C9C9 /* BasketTableViewCell.swift in Sources */ = {isa = PBXBuildFile; fileRef = 77D122632A7466DE00C3C9C9 /* BasketTableViewCell.swift */; };
/* End PBXBuildFile section */

/* Begin PBXContainerItemProxy section */
		77D122322A6FF6D000C3C9C9 /* PBXContainerItemProxy */ = {
			isa = PBXContainerItemProxy;
			containerPortal = 77D122102A6FF6CE00C3C9C9 /* Project object */;
			proxyType = 1;
			remoteGlobalIDString = 77D122172A6FF6CE00C3C9C9;
			remoteInfo = "projectShop-v2";
		};
		77D1223C2A6FF6D000C3C9C9 /* PBXContainerItemProxy */ = {
			isa = PBXContainerItemProxy;
			containerPortal = 77D122102A6FF6CE00C3C9C9 /* Project object */;
			proxyType = 1;
			remoteGlobalIDString = 77D122172A6FF6CE00C3C9C9;
			remoteInfo = "projectShop-v2";
		};
/* End PBXContainerItemProxy section */

/* Begin PBXFileReference section */
		775C4B192A85182F00999C5B /* Cart.swift */ = {isa = PBXFileReference; lastKnownFileType = sourcecode.swift; path = Cart.swift; sourceTree = "<group>"; };
		775C4B1B2A85527F00999C5B /* PaymentViewController.swift */ = {isa = PBXFileReference; lastKnownFileType = sourcecode.swift; path = PaymentViewController.swift; sourceTree = "<group>"; };
		77D122182A6FF6CE00C3C9C9 /* projectShop-v2.app */ = {isa = PBXFileReference; explicitFileType = wrapper.application; includeInIndex = 0; path = "projectShop-v2.app"; sourceTree = BUILT_PRODUCTS_DIR; };
		77D1221B2A6FF6CE00C3C9C9 /* AppDelegate.swift */ = {isa = PBXFileReference; lastKnownFileType = sourcecode.swift; path = AppDelegate.swift; sourceTree = "<group>"; };
		77D1221D2A6FF6CE00C3C9C9 /* SceneDelegate.swift */ = {isa = PBXFileReference; lastKnownFileType = sourcecode.swift; path = SceneDelegate.swift; sourceTree = "<group>"; };
		77D122252A6FF6CE00C3C9C9 /* projectShop_v2.xcdatamodel */ = {isa = PBXFileReference; lastKnownFileType = wrapper.xcdatamodel; path = projectShop_v2.xcdatamodel; sourceTree = "<group>"; };
		77D122272A6FF6D000C3C9C9 /* Assets.xcassets */ = {isa = PBXFileReference; lastKnownFileType = folder.assetcatalog; path = Assets.xcassets; sourceTree = "<group>"; };
		77D1222A2A6FF6D000C3C9C9 /* Base */ = {isa = PBXFileReference; lastKnownFileType = file.storyboard; name = Base; path = Base.lproj/LaunchScreen.storyboard; sourceTree = "<group>"; };
		77D1222C2A6FF6D000C3C9C9 /* Info.plist */ = {isa = PBXFileReference; lastKnownFileType = text.plist.xml; path = Info.plist; sourceTree = "<group>"; };
		77D122312A6FF6D000C3C9C9 /* projectShop-v2Tests.xctest */ = {isa = PBXFileReference; explicitFileType = wrapper.cfbundle; includeInIndex = 0; path = "projectShop-v2Tests.xctest"; sourceTree = BUILT_PRODUCTS_DIR; };
		77D122352A6FF6D000C3C9C9 /* projectShop_v2Tests.swift */ = {isa = PBXFileReference; lastKnownFileType = sourcecode.swift; path = projectShop_v2Tests.swift; sourceTree = "<group>"; };
		77D1223B2A6FF6D000C3C9C9 /* projectShop-v2UITests.xctest */ = {isa = PBXFileReference; explicitFileType = wrapper.cfbundle; includeInIndex = 0; path = "projectShop-v2UITests.xctest"; sourceTree = BUILT_PRODUCTS_DIR; };
		77D1223F2A6FF6D000C3C9C9 /* projectShop_v2UITests.swift */ = {isa = PBXFileReference; lastKnownFileType = sourcecode.swift; path = projectShop_v2UITests.swift; sourceTree = "<group>"; };
		77D122412A6FF6D000C3C9C9 /* projectShop_v2UITestsLaunchTests.swift */ = {isa = PBXFileReference; lastKnownFileType = sourcecode.swift; path = projectShop_v2UITestsLaunchTests.swift; sourceTree = "<group>"; };
		77D122512A6FF79F00C3C9C9 /* MainViewController.swift */ = {isa = PBXFileReference; lastKnownFileType = sourcecode.swift; path = MainViewController.swift; sourceTree = "<group>"; };
		77D122532A6FF7CB00C3C9C9 /* BasketViewController.swift */ = {isa = PBXFileReference; lastKnownFileType = sourcecode.swift; path = BasketViewController.swift; sourceTree = "<group>"; };
		77D122552A6FF80A00C3C9C9 /* CategoriesTableViewCell.swift */ = {isa = PBXFileReference; lastKnownFileType = sourcecode.swift; path = CategoriesTableViewCell.swift; sourceTree = "<group>"; };
		77D122572A6FF83C00C3C9C9 /* ContentForCells.swift */ = {isa = PBXFileReference; lastKnownFileType = sourcecode.swift; path = ContentForCells.swift; sourceTree = "<group>"; };
		77D1225D2A700A7700C3C9C9 /* ProductsViewController.swift */ = {isa = PBXFileReference; lastKnownFileType = sourcecode.swift; path = ProductsViewController.swift; sourceTree = "<group>"; };
		77D122612A71D19200C3C9C9 /* ProductsTableViewCell.swift */ = {isa = PBXFileReference; lastKnownFileType = sourcecode.swift; path = ProductsTableViewCell.swift; sourceTree = "<group>"; };
		77D122632A7466DE00C3C9C9 /* BasketTableViewCell.swift */ = {isa = PBXFileReference; lastKnownFileType = sourcecode.swift; path = BasketTableViewCell.swift; sourceTree = "<group>"; };
/* End PBXFileReference section */

/* Begin PBXFrameworksBuildPhase section */
		77D122152A6FF6CE00C3C9C9 /* Frameworks */ = {
			isa = PBXFrameworksBuildPhase;
			buildActionMask = 2147483647;
			files = (
				77D122502A6FF74100C3C9C9 /* SnapKit in Frameworks */,
			);
			runOnlyForDeploymentPostprocessing = 0;
		};
		77D1222E2A6FF6D000C3C9C9 /* Frameworks */ = {
			isa = PBXFrameworksBuildPhase;
			buildActionMask = 2147483647;
			files = (
			);
			runOnlyForDeploymentPostprocessing = 0;
		};
		77D122382A6FF6D000C3C9C9 /* Frameworks */ = {
			isa = PBXFrameworksBuildPhase;
			buildActionMask = 2147483647;
			files = (
			);
			runOnlyForDeploymentPostprocessing = 0;
		};
/* End PBXFrameworksBuildPhase section */

/* Begin PBXGroup section */
		77D1220F2A6FF6CE00C3C9C9 = {
			isa = PBXGroup;
			children = (
				77D1221A2A6FF6CE00C3C9C9 /* projectShop-v2 */,
				77D122342A6FF6D000C3C9C9 /* projectShop-v2Tests */,
				77D1223E2A6FF6D000C3C9C9 /* projectShop-v2UITests */,
				77D122192A6FF6CE00C3C9C9 /* Products */,
			);
			sourceTree = "<group>";
		};
		77D122192A6FF6CE00C3C9C9 /* Products */ = {
			isa = PBXGroup;
			children = (
				77D122182A6FF6CE00C3C9C9 /* projectShop-v2.app */,
				77D122312A6FF6D000C3C9C9 /* projectShop-v2Tests.xctest */,
				77D1223B2A6FF6D000C3C9C9 /* projectShop-v2UITests.xctest */,
			);
			name = Products;
			sourceTree = "<group>";
		};
		77D1221A2A6FF6CE00C3C9C9 /* projectShop-v2 */ = {
			isa = PBXGroup;
			children = (
				77D1225C2A6FF8DF00C3C9C9 /* App + Scene Delegate */,
				77D122592A6FF85900C3C9C9 /* VC */,
				77D1225A2A6FF87900C3C9C9 /* TableViewCell */,
				77D1225B2A6FF88700C3C9C9 /* Content */,
				77D122272A6FF6D000C3C9C9 /* Assets.xcassets */,
				77D122292A6FF6D000C3C9C9 /* LaunchScreen.storyboard */,
				77D1222C2A6FF6D000C3C9C9 /* Info.plist */,
				77D122242A6FF6CE00C3C9C9 /* projectShop_v2.xcdatamodeld */,
			);
			path = "projectShop-v2";
			sourceTree = "<group>";
		};
		77D122342A6FF6D000C3C9C9 /* projectShop-v2Tests */ = {
			isa = PBXGroup;
			children = (
				77D122352A6FF6D000C3C9C9 /* projectShop_v2Tests.swift */,
			);
			path = "projectShop-v2Tests";
			sourceTree = "<group>";
		};
		77D1223E2A6FF6D000C3C9C9 /* projectShop-v2UITests */ = {
			isa = PBXGroup;
			children = (
				77D1223F2A6FF6D000C3C9C9 /* projectShop_v2UITests.swift */,
				77D122412A6FF6D000C3C9C9 /* projectShop_v2UITestsLaunchTests.swift */,
			);
			path = "projectShop-v2UITests";
			sourceTree = "<group>";
		};
		77D122592A6FF85900C3C9C9 /* VC */ = {
			isa = PBXGroup;
			children = (
				77D122512A6FF79F00C3C9C9 /* MainViewController.swift */,
				77D122532A6FF7CB00C3C9C9 /* BasketViewController.swift */,
				77D1225D2A700A7700C3C9C9 /* ProductsViewController.swift */,
				775C4B1B2A85527F00999C5B /* PaymentViewController.swift */,
			);
			path = VC;
			sourceTree = "<group>";
		};
		77D1225A2A6FF87900C3C9C9 /* TableViewCell */ = {
			isa = PBXGroup;
			children = (
				77D122552A6FF80A00C3C9C9 /* CategoriesTableViewCell.swift */,
				77D122612A71D19200C3C9C9 /* ProductsTableViewCell.swift */,
				77D122632A7466DE00C3C9C9 /* BasketTableViewCell.swift */,
			);
			path = TableViewCell;
			sourceTree = "<group>";
		};
		77D1225B2A6FF88700C3C9C9 /* Content */ = {
			isa = PBXGroup;
			children = (
				77D122572A6FF83C00C3C9C9 /* ContentForCells.swift */,
				775C4B192A85182F00999C5B /* Cart.swift */,
			);
			path = Content;
			sourceTree = "<group>";
		};
		77D1225C2A6FF8DF00C3C9C9 /* App + Scene Delegate */ = {
			isa = PBXGroup;
			children = (
				77D1221B2A6FF6CE00C3C9C9 /* AppDelegate.swift */,
				77D1221D2A6FF6CE00C3C9C9 /* SceneDelegate.swift */,
			);
			path = "App + Scene Delegate";
			sourceTree = "<group>";
		};
/* End PBXGroup section */

/* Begin PBXNativeTarget section */
		77D122172A6FF6CE00C3C9C9 /* projectShop-v2 */ = {
			isa = PBXNativeTarget;
			buildConfigurationList = 77D122452A6FF6D000C3C9C9 /* Build configuration list for PBXNativeTarget "projectShop-v2" */;
			buildPhases = (
				77D122142A6FF6CE00C3C9C9 /* Sources */,
				77D122152A6FF6CE00C3C9C9 /* Frameworks */,
				77D122162A6FF6CE00C3C9C9 /* Resources */,
			);
			buildRules = (
			);
			dependencies = (
			);
			name = "projectShop-v2";
			packageProductDependencies = (
				77D1224F2A6FF74100C3C9C9 /* SnapKit */,
			);
			productName = "projectShop-v2";
			productReference = 77D122182A6FF6CE00C3C9C9 /* projectShop-v2.app */;
			productType = "com.apple.product-type.application";
		};
		77D122302A6FF6D000C3C9C9 /* projectShop-v2Tests */ = {
			isa = PBXNativeTarget;
			buildConfigurationList = 77D122482A6FF6D000C3C9C9 /* Build configuration list for PBXNativeTarget "projectShop-v2Tests" */;
			buildPhases = (
				77D1222D2A6FF6D000C3C9C9 /* Sources */,
				77D1222E2A6FF6D000C3C9C9 /* Frameworks */,
				77D1222F2A6FF6D000C3C9C9 /* Resources */,
			);
			buildRules = (
			);
			dependencies = (
				77D122332A6FF6D000C3C9C9 /* PBXTargetDependency */,
			);
			name = "projectShop-v2Tests";
			productName = "projectShop-v2Tests";
			productReference = 77D122312A6FF6D000C3C9C9 /* projectShop-v2Tests.xctest */;
			productType = "com.apple.product-type.bundle.unit-test";
		};
		77D1223A2A6FF6D000C3C9C9 /* projectShop-v2UITests */ = {
			isa = PBXNativeTarget;
			buildConfigurationList = 77D1224B2A6FF6D000C3C9C9 /* Build configuration list for PBXNativeTarget "projectShop-v2UITests" */;
			buildPhases = (
				77D122372A6FF6D000C3C9C9 /* Sources */,
				77D122382A6FF6D000C3C9C9 /* Frameworks */,
				77D122392A6FF6D000C3C9C9 /* Resources */,
			);
			buildRules = (
			);
			dependencies = (
				77D1223D2A6FF6D000C3C9C9 /* PBXTargetDependency */,
			);
			name = "projectShop-v2UITests";
			productName = "projectShop-v2UITests";
			productReference = 77D1223B2A6FF6D000C3C9C9 /* projectShop-v2UITests.xctest */;
			productType = "com.apple.product-type.bundle.ui-testing";
		};
/* End PBXNativeTarget section */

/* Begin PBXProject section */
		77D122102A6FF6CE00C3C9C9 /* Project object */ = {
			isa = PBXProject;
			attributes = {
				BuildIndependentTargetsInParallel = 1;
				LastSwiftUpdateCheck = 1430;
				LastUpgradeCheck = 1430;
				TargetAttributes = {
					77D122172A6FF6CE00C3C9C9 = {
						CreatedOnToolsVersion = 14.3.1;
					};
					77D122302A6FF6D000C3C9C9 = {
						CreatedOnToolsVersion = 14.3.1;
						TestTargetID = 77D122172A6FF6CE00C3C9C9;
					};
					77D1223A2A6FF6D000C3C9C9 = {
						CreatedOnToolsVersion = 14.3.1;
						TestTargetID = 77D122172A6FF6CE00C3C9C9;
					};
				};
			};
			buildConfigurationList = 77D122132A6FF6CE00C3C9C9 /* Build configuration list for PBXProject "projectShop-v2" */;
			compatibilityVersion = "Xcode 14.0";
			developmentRegion = en;
			hasScannedForEncodings = 0;
			knownRegions = (
				en,
				Base,
			);
			mainGroup = 77D1220F2A6FF6CE00C3C9C9;
			packageReferences = (
				77D1224E2A6FF74100C3C9C9 /* XCRemoteSwiftPackageReference "SnapKit" */,
			);
			productRefGroup = 77D122192A6FF6CE00C3C9C9 /* Products */;
			projectDirPath = "";
			projectRoot = "";
			targets = (
				77D122172A6FF6CE00C3C9C9 /* projectShop-v2 */,
				77D122302A6FF6D000C3C9C9 /* projectShop-v2Tests */,
				77D1223A2A6FF6D000C3C9C9 /* projectShop-v2UITests */,
			);
		};
/* End PBXProject section */

/* Begin PBXResourcesBuildPhase section */
		77D122162A6FF6CE00C3C9C9 /* Resources */ = {
			isa = PBXResourcesBuildPhase;
			buildActionMask = 2147483647;
			files = (
				77D1222B2A6FF6D000C3C9C9 /* LaunchScreen.storyboard in Resources */,
				77D122282A6FF6D000C3C9C9 /* Assets.xcassets in Resources */,
			);
			runOnlyForDeploymentPostprocessing = 0;
		};
		77D1222F2A6FF6D000C3C9C9 /* Resources */ = {
			isa = PBXResourcesBuildPhase;
			buildActionMask = 2147483647;
			files = (
			);
			runOnlyForDeploymentPostprocessing = 0;
		};
		77D122392A6FF6D000C3C9C9 /* Resources */ = {
			isa = PBXResourcesBuildPhase;
			buildActionMask = 2147483647;
			files = (
			);
			runOnlyForDeploymentPostprocessing = 0;
		};
/* End PBXResourcesBuildPhase section */

/* Begin PBXSourcesBuildPhase section */
		77D122142A6FF6CE00C3C9C9 /* Sources */ = {
			isa = PBXSourcesBuildPhase;
			buildActionMask = 2147483647;
			files = (
				77D122542A6FF7CB00C3C9C9 /* BasketViewController.swift in Sources */,
				77D1221C2A6FF6CE00C3C9C9 /* AppDelegate.swift in Sources */,
				77D1225E2A700A7700C3C9C9 /* ProductsViewController.swift in Sources */,
				77D122642A7466DE00C3C9C9 /* BasketTableViewCell.swift in Sources */,
				775C4B1A2A85182F00999C5B /* Cart.swift in Sources */,
				77D122622A71D19200C3C9C9 /* ProductsTableViewCell.swift in Sources */,
				77D1221E2A6FF6CE00C3C9C9 /* SceneDelegate.swift in Sources */,
				775C4B1C2A85527F00999C5B /* PaymentViewController.swift in Sources */,
				77D122262A6FF6CE00C3C9C9 /* projectShop_v2.xcdatamodeld in Sources */,
				77D122582A6FF83C00C3C9C9 /* ContentForCells.swift in Sources */,
				77D122562A6FF80A00C3C9C9 /* CategoriesTableViewCell.swift in Sources */,
				77D122522A6FF79F00C3C9C9 /* MainViewController.swift in Sources */,
			);
			runOnlyForDeploymentPostprocessing = 0;
		};
		77D1222D2A6FF6D000C3C9C9 /* Sources */ = {
			isa = PBXSourcesBuildPhase;
			buildActionMask = 2147483647;
			files = (
				77D122362A6FF6D000C3C9C9 /* projectShop_v2Tests.swift in Sources */,
			);
			runOnlyForDeploymentPostprocessing = 0;
		};
		77D122372A6FF6D000C3C9C9 /* Sources */ = {
			isa = PBXSourcesBuildPhase;
			buildActionMask = 2147483647;
			files = (
				77D122422A6FF6D000C3C9C9 /* projectShop_v2UITestsLaunchTests.swift in Sources */,
				77D122402A6FF6D000C3C9C9 /* projectShop_v2UITests.swift in Sources */,
			);
			runOnlyForDeploymentPostprocessing = 0;
		};
/* End PBXSourcesBuildPhase section */

/* Begin PBXTargetDependency section */
		77D122332A6FF6D000C3C9C9 /* PBXTargetDependency */ = {
			isa = PBXTargetDependency;
			target = 77D122172A6FF6CE00C3C9C9 /* projectShop-v2 */;
			targetProxy = 77D122322A6FF6D000C3C9C9 /* PBXContainerItemProxy */;
		};
		77D1223D2A6FF6D000C3C9C9 /* PBXTargetDependency */ = {
			isa = PBXTargetDependency;
			target = 77D122172A6FF6CE00C3C9C9 /* projectShop-v2 */;
			targetProxy = 77D1223C2A6FF6D000C3C9C9 /* PBXContainerItemProxy */;
		};
/* End PBXTargetDependency section */

/* Begin PBXVariantGroup section */
		77D122292A6FF6D000C3C9C9 /* LaunchScreen.storyboard */ = {
			isa = PBXVariantGroup;
			children = (
				77D1222A2A6FF6D000C3C9C9 /* Base */,
			);
			name = LaunchScreen.storyboard;
			sourceTree = "<group>";
		};
/* End PBXVariantGroup section */

/* Begin XCBuildConfiguration section */
		77D122432A6FF6D000C3C9C9 /* Debug */ = {
			isa = XCBuildConfiguration;
			buildSettings = {
				ALWAYS_SEARCH_USER_PATHS = NO;
				CLANG_ANALYZER_NONNULL = YES;
				CLANG_ANALYZER_NUMBER_OBJECT_CONVERSION = YES_AGGRESSIVE;
				CLANG_CXX_LANGUAGE_STANDARD = "gnu++20";
				CLANG_ENABLE_MODULES = YES;
				CLANG_ENABLE_OBJC_ARC = YES;
				CLANG_ENABLE_OBJC_WEAK = YES;
				CLANG_WARN_BLOCK_CAPTURE_AUTORELEASING = YES;
				CLANG_WARN_BOOL_CONVERSION = YES;
				CLANG_WARN_COMMA = YES;
				CLANG_WARN_CONSTANT_CONVERSION = YES;
				CLANG_WARN_DEPRECATED_OBJC_IMPLEMENTATIONS = YES;
				CLANG_WARN_DIRECT_OBJC_ISA_USAGE = YES_ERROR;
				CLANG_WARN_DOCUMENTATION_COMMENTS = YES;
				CLANG_WARN_EMPTY_BODY = YES;
				CLANG_WARN_ENUM_CONVERSION = YES;
				CLANG_WARN_INFINITE_RECURSION = YES;
				CLANG_WARN_INT_CONVERSION = YES;
				CLANG_WARN_NON_LITERAL_NULL_CONVERSION = YES;
				CLANG_WARN_OBJC_IMPLICIT_RETAIN_SELF = YES;
				CLANG_WARN_OBJC_LITERAL_CONVERSION = YES;
				CLANG_WARN_OBJC_ROOT_CLASS = YES_ERROR;
				CLANG_WARN_QUOTED_INCLUDE_IN_FRAMEWORK_HEADER = YES;
				CLANG_WARN_RANGE_LOOP_ANALYSIS = YES;
				CLANG_WARN_STRICT_PROTOTYPES = YES;
				CLANG_WARN_SUSPICIOUS_MOVE = YES;
				CLANG_WARN_UNGUARDED_AVAILABILITY = YES_AGGRESSIVE;
				CLANG_WARN_UNREACHABLE_CODE = YES;
				CLANG_WARN__DUPLICATE_METHOD_MATCH = YES;
				COPY_PHASE_STRIP = NO;
				DEBUG_INFORMATION_FORMAT = dwarf;
				ENABLE_STRICT_OBJC_MSGSEND = YES;
				ENABLE_TESTABILITY = YES;
				GCC_C_LANGUAGE_STANDARD = gnu11;
				GCC_DYNAMIC_NO_PIC = NO;
				GCC_NO_COMMON_BLOCKS = YES;
				GCC_OPTIMIZATION_LEVEL = 0;
				GCC_PREPROCESSOR_DEFINITIONS = (
					"DEBUG=1",
					"$(inherited)",
				);
				GCC_WARN_64_TO_32_BIT_CONVERSION = YES;
				GCC_WARN_ABOUT_RETURN_TYPE = YES_ERROR;
				GCC_WARN_UNDECLARED_SELECTOR = YES;
				GCC_WARN_UNINITIALIZED_AUTOS = YES_AGGRESSIVE;
				GCC_WARN_UNUSED_FUNCTION = YES;
				GCC_WARN_UNUSED_VARIABLE = YES;
				IPHONEOS_DEPLOYMENT_TARGET = 16.4;
				MTL_ENABLE_DEBUG_INFO = INCLUDE_SOURCE;
				MTL_FAST_MATH = YES;
				ONLY_ACTIVE_ARCH = YES;
				SDKROOT = iphoneos;
				SWIFT_ACTIVE_COMPILATION_CONDITIONS = DEBUG;
				SWIFT_OPTIMIZATION_LEVEL = "-Onone";
			};
			name = Debug;
		};
		77D122442A6FF6D000C3C9C9 /* Release */ = {
			isa = XCBuildConfiguration;
			buildSettings = {
				ALWAYS_SEARCH_USER_PATHS = NO;
				CLANG_ANALYZER_NONNULL = YES;
				CLANG_ANALYZER_NUMBER_OBJECT_CONVERSION = YES_AGGRESSIVE;
				CLANG_CXX_LANGUAGE_STANDARD = "gnu++20";
				CLANG_ENABLE_MODULES = YES;
				CLANG_ENABLE_OBJC_ARC = YES;
				CLANG_ENABLE_OBJC_WEAK = YES;
				CLANG_WARN_BLOCK_CAPTURE_AUTORELEASING = YES;
				CLANG_WARN_BOOL_CONVERSION = YES;
				CLANG_WARN_COMMA = YES;
				CLANG_WARN_CONSTANT_CONVERSION = YES;
				CLANG_WARN_DEPRECATED_OBJC_IMPLEMENTATIONS = YES;
				CLANG_WARN_DIRECT_OBJC_ISA_USAGE = YES_ERROR;
				CLANG_WARN_DOCUMENTATION_COMMENTS = YES;
				CLANG_WARN_EMPTY_BODY = YES;
				CLANG_WARN_ENUM_CONVERSION = YES;
				CLANG_WARN_INFINITE_RECURSION = YES;
				CLANG_WARN_INT_CONVERSION = YES;
				CLANG_WARN_NON_LITERAL_NULL_CONVERSION = YES;
				CLANG_WARN_OBJC_IMPLICIT_RETAIN_SELF = YES;
				CLANG_WARN_OBJC_LITERAL_CONVERSION = YES;
				CLANG_WARN_OBJC_ROOT_CLASS = YES_ERROR;
				CLANG_WARN_QUOTED_INCLUDE_IN_FRAMEWORK_HEADER = YES;
				CLANG_WARN_RANGE_LOOP_ANALYSIS = YES;
				CLANG_WARN_STRICT_PROTOTYPES = YES;
				CLANG_WARN_SUSPICIOUS_MOVE = YES;
				CLANG_WARN_UNGUARDED_AVAILABILITY = YES_AGGRESSIVE;
				CLANG_WARN_UNREACHABLE_CODE = YES;
				CLANG_WARN__DUPLICATE_METHOD_MATCH = YES;
				COPY_PHASE_STRIP = NO;
				DEBUG_INFORMATION_FORMAT = "dwarf-with-dsym";
				ENABLE_NS_ASSERTIONS = NO;
				ENABLE_STRICT_OBJC_MSGSEND = YES;
				GCC_C_LANGUAGE_STANDARD = gnu11;
				GCC_NO_COMMON_BLOCKS = YES;
				GCC_WARN_64_TO_32_BIT_CONVERSION = YES;
				GCC_WARN_ABOUT_RETURN_TYPE = YES_ERROR;
				GCC_WARN_UNDECLARED_SELECTOR = YES;
				GCC_WARN_UNINITIALIZED_AUTOS = YES_AGGRESSIVE;
				GCC_WARN_UNUSED_FUNCTION = YES;
				GCC_WARN_UNUSED_VARIABLE = YES;
				IPHONEOS_DEPLOYMENT_TARGET = 16.4;
				MTL_ENABLE_DEBUG_INFO = NO;
				MTL_FAST_MATH = YES;
				SDKROOT = iphoneos;
				SWIFT_COMPILATION_MODE = wholemodule;
				SWIFT_OPTIMIZATION_LEVEL = "-O";
				VALIDATE_PRODUCT = YES;
			};
			name = Release;
		};
		77D122462A6FF6D000C3C9C9 /* Debug */ = {
			isa = XCBuildConfiguration;
			buildSettings = {
				ASSETCATALOG_COMPILER_APPICON_NAME = AppIcon;
				ASSETCATALOG_COMPILER_GLOBAL_ACCENT_COLOR_NAME = AccentColor;
				CODE_SIGN_STYLE = Automatic;
				CURRENT_PROJECT_VERSION = 1;
				GENERATE_INFOPLIST_FILE = YES;
				INFOPLIST_FILE = "projectShop-v2/Info.plist";
				INFOPLIST_KEY_UIApplicationSupportsIndirectInputEvents = YES;
				INFOPLIST_KEY_UILaunchStoryboardName = LaunchScreen;
				INFOPLIST_KEY_UISupportedInterfaceOrientations_iPad = "UIInterfaceOrientationPortrait UIInterfaceOrientationPortraitUpsideDown UIInterfaceOrientationLandscapeLeft UIInterfaceOrientationLandscapeRight";
				INFOPLIST_KEY_UISupportedInterfaceOrientations_iPhone = "UIInterfaceOrientationPortrait UIInterfaceOrientationLandscapeLeft UIInterfaceOrientationLandscapeRight";
				LD_RUNPATH_SEARCH_PATHS = (
					"$(inherited)",
					"@executable_path/Frameworks",
				);
				MARKETING_VERSION = 1.0;
				PRODUCT_BUNDLE_IDENTIFIER = "focus.projectShop-v2";
				PRODUCT_NAME = "$(TARGET_NAME)";
				SWIFT_EMIT_LOC_STRINGS = YES;
				SWIFT_VERSION = 5.0;
				TARGETED_DEVICE_FAMILY = "1,2";
			};
			name = Debug;
		};
		77D122472A6FF6D000C3C9C9 /* Release */ = {
			isa = XCBuildConfiguration;
			buildSettings = {
				ASSETCATALOG_COMPILER_APPICON_NAME = AppIcon;
				ASSETCATALOG_COMPILER_GLOBAL_ACCENT_COLOR_NAME = AccentColor;
				CODE_SIGN_STYLE = Automatic;
				CURRENT_PROJECT_VERSION = 1;
				GENERATE_INFOPLIST_FILE = YES;
				INFOPLIST_FILE = "projectShop-v2/Info.plist";
				INFOPLIST_KEY_UIApplicationSupportsIndirectInputEvents = YES;
				INFOPLIST_KEY_UILaunchStoryboardName = LaunchScreen;
				INFOPLIST_KEY_UISupportedInterfaceOrientations_iPad = "UIInterfaceOrientationPortrait UIInterfaceOrientationPortraitUpsideDown UIInterfaceOrientationLandscapeLeft UIInterfaceOrientationLandscapeRight";
				INFOPLIST_KEY_UISupportedInterfaceOrientations_iPhone = "UIInterfaceOrientationPortrait UIInterfaceOrientationLandscapeLeft UIInterfaceOrientationLandscapeRight";
				LD_RUNPATH_SEARCH_PATHS = (
					"$(inherited)",
					"@executable_path/Frameworks",
				);
				MARKETING_VERSION = 1.0;
				PRODUCT_BUNDLE_IDENTIFIER = "focus.projectShop-v2";
				PRODUCT_NAME = "$(TARGET_NAME)";
				SWIFT_EMIT_LOC_STRINGS = YES;
				SWIFT_VERSION = 5.0;
				TARGETED_DEVICE_FAMILY = "1,2";
			};
			name = Release;
		};
		77D122492A6FF6D000C3C9C9 /* Debug */ = {
			isa = XCBuildConfiguration;
			buildSettings = {
				ALWAYS_EMBED_SWIFT_STANDARD_LIBRARIES = YES;
				BUNDLE_LOADER = "$(TEST_HOST)";
				CODE_SIGN_STYLE = Automatic;
				CURRENT_PROJECT_VERSION = 1;
				GENERATE_INFOPLIST_FILE = YES;
				IPHONEOS_DEPLOYMENT_TARGET = 16.4;
				MARKETING_VERSION = 1.0;
				PRODUCT_BUNDLE_IDENTIFIER = "focus.projectShop-v2Tests";
				PRODUCT_NAME = "$(TARGET_NAME)";
				SWIFT_EMIT_LOC_STRINGS = NO;
				SWIFT_VERSION = 5.0;
				TARGETED_DEVICE_FAMILY = "1,2";
				TEST_HOST = "$(BUILT_PRODUCTS_DIR)/projectShop-v2.app/$(BUNDLE_EXECUTABLE_FOLDER_PATH)/projectShop-v2";
			};
			name = Debug;
		};
		77D1224A2A6FF6D000C3C9C9 /* Release */ = {
			isa = XCBuildConfiguration;
			buildSettings = {
				ALWAYS_EMBED_SWIFT_STANDARD_LIBRARIES = YES;
				BUNDLE_LOADER = "$(TEST_HOST)";
				CODE_SIGN_STYLE = Automatic;
				CURRENT_PROJECT_VERSION = 1;
				GENERATE_INFOPLIST_FILE = YES;
				IPHONEOS_DEPLOYMENT_TARGET = 16.4;
				MARKETING_VERSION = 1.0;
				PRODUCT_BUNDLE_IDENTIFIER = "focus.projectShop-v2Tests";
				PRODUCT_NAME = "$(TARGET_NAME)";
				SWIFT_EMIT_LOC_STRINGS = NO;
				SWIFT_VERSION = 5.0;
				TARGETED_DEVICE_FAMILY = "1,2";
				TEST_HOST = "$(BUILT_PRODUCTS_DIR)/projectShop-v2.app/$(BUNDLE_EXECUTABLE_FOLDER_PATH)/projectShop-v2";
			};
			name = Release;
		};
		77D1224C2A6FF6D000C3C9C9 /* Debug */ = {
			isa = XCBuildConfiguration;
			buildSettings = {
				ALWAYS_EMBED_SWIFT_STANDARD_LIBRARIES = YES;
				CODE_SIGN_STYLE = Automatic;
				CURRENT_PROJECT_VERSION = 1;
				GENERATE_INFOPLIST_FILE = YES;
				MARKETING_VERSION = 1.0;
				PRODUCT_BUNDLE_IDENTIFIER = "focus.projectShop-v2UITests";
				PRODUCT_NAME = "$(TARGET_NAME)";
				SWIFT_EMIT_LOC_STRINGS = NO;
				SWIFT_VERSION = 5.0;
				TARGETED_DEVICE_FAMILY = "1,2";
				TEST_TARGET_NAME = "projectShop-v2";
			};
			name = Debug;
		};
		77D1224D2A6FF6D000C3C9C9 /* Release */ = {
			isa = XCBuildConfiguration;
			buildSettings = {
				ALWAYS_EMBED_SWIFT_STANDARD_LIBRARIES = YES;
				CODE_SIGN_STYLE = Automatic;
				CURRENT_PROJECT_VERSION = 1;
				GENERATE_INFOPLIST_FILE = YES;
				MARKETING_VERSION = 1.0;
				PRODUCT_BUNDLE_IDENTIFIER = "focus.projectShop-v2UITests";
				PRODUCT_NAME = "$(TARGET_NAME)";
				SWIFT_EMIT_LOC_STRINGS = NO;
				SWIFT_VERSION = 5.0;
				TARGETED_DEVICE_FAMILY = "1,2";
				TEST_TARGET_NAME = "projectShop-v2";
			};
			name = Release;
		};
/* End XCBuildConfiguration section */

/* Begin XCConfigurationList section */
		77D122132A6FF6CE00C3C9C9 /* Build configuration list for PBXProject "projectShop-v2" */ = {
			isa = XCConfigurationList;
			buildConfigurations = (
				77D122432A6FF6D000C3C9C9 /* Debug */,
				77D122442A6FF6D000C3C9C9 /* Release */,
			);
			defaultConfigurationIsVisible = 0;
			defaultConfigurationName = Release;
		};
		77D122452A6FF6D000C3C9C9 /* Build configuration list for PBXNativeTarget "projectShop-v2" */ = {
			isa = XCConfigurationList;
			buildConfigurations = (
				77D122462A6FF6D000C3C9C9 /* Debug */,
				77D122472A6FF6D000C3C9C9 /* Release */,
			);
			defaultConfigurationIsVisible = 0;
			defaultConfigurationName = Release;
		};
		77D122482A6FF6D000C3C9C9 /* Build configuration list for PBXNativeTarget "projectShop-v2Tests" */ = {
			isa = XCConfigurationList;
			buildConfigurations = (
				77D122492A6FF6D000C3C9C9 /* Debug */,
				77D1224A2A6FF6D000C3C9C9 /* Release */,
			);
			defaultConfigurationIsVisible = 0;
			defaultConfigurationName = Release;
		};
		77D1224B2A6FF6D000C3C9C9 /* Build configuration list for PBXNativeTarget "projectShop-v2UITests" */ = {
			isa = XCConfigurationList;
			buildConfigurations = (
				77D1224C2A6FF6D000C3C9C9 /* Debug */,
				77D1224D2A6FF6D000C3C9C9 /* Release */,
			);
			defaultConfigurationIsVisible = 0;
			defaultConfigurationName = Release;
		};
/* End XCConfigurationList section */

/* Begin XCRemoteSwiftPackageReference section */
		77D1224E2A6FF74100C3C9C9 /* XCRemoteSwiftPackageReference "SnapKit" */ = {
			isa = XCRemoteSwiftPackageReference;
			repositoryURL = "https://github.com/SnapKit/SnapKit.git";
			requirement = {
				kind = upToNextMajorVersion;
				minimumVersion = 5.0.0;
			};
		};
/* End XCRemoteSwiftPackageReference section */

/* Begin XCSwiftPackageProductDependency section */
		77D1224F2A6FF74100C3C9C9 /* SnapKit */ = {
			isa = XCSwiftPackageProductDependency;
			package = 77D1224E2A6FF74100C3C9C9 /* XCRemoteSwiftPackageReference "SnapKit" */;
			productName = SnapKit;
		};
/* End XCSwiftPackageProductDependency section */

/* Begin XCVersionGroup section */
		77D122242A6FF6CE00C3C9C9 /* projectShop_v2.xcdatamodeld */ = {
			isa = XCVersionGroup;
			children = (
				77D122252A6FF6CE00C3C9C9 /* projectShop_v2.xcdatamodel */,
			);
			currentVersion = 77D122252A6FF6CE00C3C9C9 /* projectShop_v2.xcdatamodel */;
			path = projectShop_v2.xcdatamodeld;
			sourceTree = "<group>";
			versionGroupType = wrapper.xcdatamodel;
		};
/* End XCVersionGroup section */
	};
	rootObject = 77D122102A6FF6CE00C3C9C9 /* Project object */;
}
